
Microsoft Visual Studio Solution File, Format Version 12.00
# Visual Studio Version 16
VisualStudioVersion = 16.0.31129.286
MinimumVisualStudioVersion = 10.0.40219.1
Project("{FAE04EC0-301F-11D3-BF4B-00C04F79EFBC}") = "WindowsFormsApp2", "WindowsFormsApp2\WindowsFormsApp2.csproj", "{43661150-1A66-413C-B2CA-5B20AA337719}"
EndProject
Global
	GlobalSection(SolutionConfigurationPlatforms) = preSolution
		Debug|Any CPU = Debug|Any CPU
		Release|Any CPU = Release|Any CPU
	EndGlobalSection
	GlobalSection(ProjectConfigurationPlatforms) = postSolution
		{43661150-1A66-413C-B2CA-5B20AA337719}.Debug|Any CPU.ActiveCfg = Debug|Any CPU
		{43661150-1A66-413C-B2CA-5B20AA337719}.Debug|Any CPU.Build.0 = Debug|Any CPU
		{43661150-1A66-413C-B2CA-5B20AA337719}.Release|Any CPU.ActiveCfg = Release|Any CPU
		{43661150-1A66-413C-B2CA-5B20AA337719}.Release|Any CPU.Build.0 = Release|Any CPU
	EndGlobalSection
	GlobalSection(SolutionProperties) = preSolution
		HideSolutionNode = FALSE
	EndGlobalSection
	GlobalSection(ExtensibilityGlobals) = postSolution
		SolutionGuid = {343063C5-157B-4CCF-8F8F-FD694F48B306}
	EndGlobalSection
EndGlobal
